
Microsoft Visual Studio Solution File, Format Version 12.00
# Visual Studio Version 16
VisualStudioVersion = 16.0.31702.278
MinimumVisualStudioVersion = 10.0.40219.1
Project("{FAE04EC0-301F-11D3-BF4B-00C04F79EFBC}") = "001", "001.csproj", "{CD299D99-A993-4CDB-AC18-AD0D303C8507}"
EndProject
Global
	GlobalSection(SolutionConfigurationPlatforms) = preSolution
		Debug|Any CPU = Debug|Any CPU
		Release|Any CPU = Release|Any CPU
	EndGlobalSection
	GlobalSection(ProjectConfigurationPlatforms) = postSolution
		{CD299D99-A993-4CDB-AC18-AD0D303C8507}.Debug|Any CPU.ActiveCfg = Debug|Any CPU
		{CD299D99-A993-4CDB-AC18-AD0D303C8507}.Debug|Any CPU.Build.0 = Debug|Any CPU
		{CD299D99-A993-4CDB-AC18-AD0D303C8507}.Release|Any CPU.ActiveCfg = Release|Any CPU
		{CD299D99-A993-4CDB-AC18-AD0D303C8507}.Release|Any CPU.Build.0 = Release|Any CPU
	EndGlobalSection
	GlobalSection(SolutionProperties) = preSolution
		HideSolutionNode = FALSE
	EndGlobalSection
	GlobalSection(ExtensibilityGlobals) = postSolution
		SolutionGuid = {37079C5A-0B5C-49BF-8CAD-CB09F62676D4}
	EndGlobalSection
EndGlobal
